// !$*UTF8*$!
{
	archiveVersion = 1;
	classes = {
	};
	objectVersion = 50;
	objects = {

/* Begin PBXBuildFile section */
		CF11540B20FF1BA1009EC0C4 /* AppDelegate.swift in Sources */ = {isa = PBXBuildFile; fileRef = CF11540A20FF1BA1009EC0C4 /* AppDelegate.swift */; };
		CF11540D20FF1BA1009EC0C4 /* DataViewController.swift in Sources */ = {isa = PBXBuildFile; fileRef = CF11540C20FF1BA1009EC0C4 /* DataViewController.swift */; };
		CF11541020FF1BA1009EC0C4 /* Main.storyboard in Resources */ = {isa = PBXBuildFile; fileRef = CF11540E20FF1BA1009EC0C4 /* Main.storyboard */; };
		CF11541220FF1BA2009EC0C4 /* Assets.xcassets in Resources */ = {isa = PBXBuildFile; fileRef = CF11541120FF1BA2009EC0C4 /* Assets.xcassets */; };
		CF11541520FF1BA2009EC0C4 /* LaunchScreen.storyboard in Resources */ = {isa = PBXBuildFile; fileRef = CF11541320FF1BA2009EC0C4 /* LaunchScreen.storyboard */; };
		CF11542020FF1BA3009EC0C4 /* FinalProjectTests.swift in Sources */ = {isa = PBXBuildFile; fileRef = CF11541F20FF1BA3009EC0C4 /* FinalProjectTests.swift */; };
		CF11542B20FF1BA3009EC0C4 /* FinalProjectUITests.swift in Sources */ = {isa = PBXBuildFile; fileRef = CF11542A20FF1BA3009EC0C4 /* FinalProjectUITests.swift */; };
		CF11543920FFB0E4009EC0C4 /* MeasurementsViewController.swift in Sources */ = {isa = PBXBuildFile; fileRef = CF11543820FFB0E4009EC0C4 /* MeasurementsViewController.swift */; };
		CF11543B20FFB5A2009EC0C4 /* CostumeMeasurements.swift in Sources */ = {isa = PBXBuildFile; fileRef = CF11543A20FFB5A2009EC0C4 /* CostumeMeasurements.swift */; };
		CF11543F21004FD8009EC0C4 /* SenderViewController.swift in Sources */ = {isa = PBXBuildFile; fileRef = CF11543E21004FD8009EC0C4 /* SenderViewController.swift */; };
		CF11544221005E36009EC0C4 /* CostumeModel.swift in Sources */ = {isa = PBXBuildFile; fileRef = CF11544121005E36009EC0C4 /* CostumeModel.swift */; };
		CF11544921017D40009EC0C4 /* MainNavigationController.swift in Sources */ = {isa = PBXBuildFile; fileRef = CF11544821017D40009EC0C4 /* MainNavigationController.swift */; };
		CFFEB54E210E54CF001B42B3 /* SplashViewController.swift in Sources */ = {isa = PBXBuildFile; fileRef = CFFEB54D210E54CF001B42B3 /* SplashViewController.swift */; };
		CFFEB5502110DD89001B42B3 /* SplashScene.swift in Sources */ = {isa = PBXBuildFile; fileRef = CFFEB54F2110DD89001B42B3 /* SplashScene.swift */; };
		CFFEB5522110DEB4001B42B3 /* SpriteSheet.swift in Sources */ = {isa = PBXBuildFile; fileRef = CFFEB5512110DEB4001B42B3 /* SpriteSheet.swift */; };
/* End PBXBuildFile section */

/* Begin PBXContainerItemProxy section */
		CF11541C20FF1BA3009EC0C4 /* PBXContainerItemProxy */ = {
			isa = PBXContainerItemProxy;
			containerPortal = CF1153FF20FF1BA1009EC0C4 /* Project object */;
			proxyType = 1;
			remoteGlobalIDString = CF11540620FF1BA1009EC0C4;
			remoteInfo = FinalProject;
		};
		CF11542720FF1BA3009EC0C4 /* PBXContainerItemProxy */ = {
			isa = PBXContainerItemProxy;
			containerPortal = CF1153FF20FF1BA1009EC0C4 /* Project object */;
			proxyType = 1;
			remoteGlobalIDString = CF11540620FF1BA1009EC0C4;
			remoteInfo = FinalProject;
		};
/* End PBXContainerItemProxy section */

/* Begin PBXFileReference section */
		CF11540720FF1BA1009EC0C4 /* FinalProject.app */ = {isa = PBXFileReference; explicitFileType = wrapper.application; includeInIndex = 0; path = FinalProject.app; sourceTree = BUILT_PRODUCTS_DIR; };
		CF11540A20FF1BA1009EC0C4 /* AppDelegate.swift */ = {isa = PBXFileReference; lastKnownFileType = sourcecode.swift; path = AppDelegate.swift; sourceTree = "<group>"; };
		CF11540C20FF1BA1009EC0C4 /* DataViewController.swift */ = {isa = PBXFileReference; lastKnownFileType = sourcecode.swift; path = DataViewController.swift; sourceTree = "<group>"; };
		CF11540F20FF1BA1009EC0C4 /* Base */ = {isa = PBXFileReference; lastKnownFileType = file.storyboard; name = Base; path = Base.lproj/Main.storyboard; sourceTree = "<group>"; };
		CF11541120FF1BA2009EC0C4 /* Assets.xcassets */ = {isa = PBXFileReference; lastKnownFileType = folder.assetcatalog; path = Assets.xcassets; sourceTree = "<group>"; };
		CF11541420FF1BA2009EC0C4 /* Base */ = {isa = PBXFileReference; lastKnownFileType = file.storyboard; name = Base; path = Base.lproj/LaunchScreen.storyboard; sourceTree = "<group>"; };
		CF11541620FF1BA2009EC0C4 /* Info.plist */ = {isa = PBXFileReference; lastKnownFileType = text.plist.xml; path = Info.plist; sourceTree = "<group>"; };
		CF11541B20FF1BA3009EC0C4 /* FinalProjectTests.xctest */ = {isa = PBXFileReference; explicitFileType = wrapper.cfbundle; includeInIndex = 0; path = FinalProjectTests.xctest; sourceTree = BUILT_PRODUCTS_DIR; };
		CF11541F20FF1BA3009EC0C4 /* FinalProjectTests.swift */ = {isa = PBXFileReference; lastKnownFileType = sourcecode.swift; path = FinalProjectTests.swift; sourceTree = "<group>"; };
		CF11542120FF1BA3009EC0C4 /* Info.plist */ = {isa = PBXFileReference; lastKnownFileType = text.plist.xml; path = Info.plist; sourceTree = "<group>"; };
		CF11542620FF1BA3009EC0C4 /* FinalProjectUITests.xctest */ = {isa = PBXFileReference; explicitFileType = wrapper.cfbundle; includeInIndex = 0; path = FinalProjectUITests.xctest; sourceTree = BUILT_PRODUCTS_DIR; };
		CF11542A20FF1BA3009EC0C4 /* FinalProjectUITests.swift */ = {isa = PBXFileReference; lastKnownFileType = sourcecode.swift; path = FinalProjectUITests.swift; sourceTree = "<group>"; };
		CF11542C20FF1BA3009EC0C4 /* Info.plist */ = {isa = PBXFileReference; lastKnownFileType = text.plist.xml; path = Info.plist; sourceTree = "<group>"; };
		CF11543820FFB0E4009EC0C4 /* MeasurementsViewController.swift */ = {isa = PBXFileReference; lastKnownFileType = sourcecode.swift; path = MeasurementsViewController.swift; sourceTree = "<group>"; };
		CF11543A20FFB5A2009EC0C4 /* CostumeMeasurements.swift */ = {isa = PBXFileReference; lastKnownFileType = sourcecode.swift; path = CostumeMeasurements.swift; sourceTree = "<group>"; };
		CF11543E21004FD8009EC0C4 /* SenderViewController.swift */ = {isa = PBXFileReference; lastKnownFileType = sourcecode.swift; path = SenderViewController.swift; sourceTree = "<group>"; };
		CF11544121005E36009EC0C4 /* CostumeModel.swift */ = {isa = PBXFileReference; lastKnownFileType = sourcecode.swift; path = CostumeModel.swift; sourceTree = "<group>"; };
		CF11544821017D40009EC0C4 /* MainNavigationController.swift */ = {isa = PBXFileReference; lastKnownFileType = sourcecode.swift; path = MainNavigationController.swift; sourceTree = "<group>"; };
		CFFEB54D210E54CF001B42B3 /* SplashViewController.swift */ = {isa = PBXFileReference; lastKnownFileType = sourcecode.swift; path = SplashViewController.swift; sourceTree = "<group>"; };
		CFFEB54F2110DD89001B42B3 /* SplashScene.swift */ = {isa = PBXFileReference; lastKnownFileType = sourcecode.swift; path = SplashScene.swift; sourceTree = "<group>"; };
		CFFEB5512110DEB4001B42B3 /* SpriteSheet.swift */ = {isa = PBXFileReference; lastKnownFileType = sourcecode.swift; path = SpriteSheet.swift; sourceTree = "<group>"; };
/* End PBXFileReference section */

/* Begin PBXFrameworksBuildPhase section */
		CF11540420FF1BA1009EC0C4 /* Frameworks */ = {
			isa = PBXFrameworksBuildPhase;
			buildActionMask = 2147483647;
			files = (
			);
			runOnlyForDeploymentPostprocessing = 0;
		};
		CF11541820FF1BA3009EC0C4 /* Frameworks */ = {
			isa = PBXFrameworksBuildPhase;
			buildActionMask = 2147483647;
			files = (
			);
			runOnlyForDeploymentPostprocessing = 0;
		};
		CF11542320FF1BA3009EC0C4 /* Frameworks */ = {
			isa = PBXFrameworksBuildPhase;
			buildActionMask = 2147483647;
			files = (
			);
			runOnlyForDeploymentPostprocessing = 0;
		};
/* End PBXFrameworksBuildPhase section */

/* Begin PBXGroup section */
		CF1153FE20FF1BA1009EC0C4 = {
			isa = PBXGroup;
			children = (
				CF11540920FF1BA1009EC0C4 /* FinalProject */,
				CF11541E20FF1BA3009EC0C4 /* FinalProjectTests */,
				CF11542920FF1BA3009EC0C4 /* FinalProjectUITests */,
				CF11540820FF1BA1009EC0C4 /* Products */,
			);
			sourceTree = "<group>";
		};
		CF11540820FF1BA1009EC0C4 /* Products */ = {
			isa = PBXGroup;
			children = (
				CF11540720FF1BA1009EC0C4 /* FinalProject.app */,
				CF11541B20FF1BA3009EC0C4 /* FinalProjectTests.xctest */,
				CF11542620FF1BA3009EC0C4 /* FinalProjectUITests.xctest */,
			);
			name = Products;
			sourceTree = "<group>";
		};
		CF11540920FF1BA1009EC0C4 /* FinalProject */ = {
			isa = PBXGroup;
			children = (
				CF11540C20FF1BA1009EC0C4 /* DataViewController.swift */,
				CF11540E20FF1BA1009EC0C4 /* Main.storyboard */,
				CF11543820FFB0E4009EC0C4 /* MeasurementsViewController.swift */,
				CF11543A20FFB5A2009EC0C4 /* CostumeMeasurements.swift */,
				CF11543E21004FD8009EC0C4 /* SenderViewController.swift */,
				CF11544121005E36009EC0C4 /* CostumeModel.swift */,
				CF11541620FF1BA2009EC0C4 /* Info.plist */,
				CF11540A20FF1BA1009EC0C4 /* AppDelegate.swift */,
				CF11541120FF1BA2009EC0C4 /* Assets.xcassets */,
				CF11541320FF1BA2009EC0C4 /* LaunchScreen.storyboard */,
				CF11544821017D40009EC0C4 /* MainNavigationController.swift */,
				CFFEB54D210E54CF001B42B3 /* SplashViewController.swift */,
				CFFEB54F2110DD89001B42B3 /* SplashScene.swift */,
				CFFEB5512110DEB4001B42B3 /* SpriteSheet.swift */,
			);
			path = FinalProject;
			sourceTree = "<group>";
		};
		CF11541E20FF1BA3009EC0C4 /* FinalProjectTests */ = {
			isa = PBXGroup;
			children = (
				CF11541F20FF1BA3009EC0C4 /* FinalProjectTests.swift */,
				CF11542120FF1BA3009EC0C4 /* Info.plist */,
			);
			path = FinalProjectTests;
			sourceTree = "<group>";
		};
		CF11542920FF1BA3009EC0C4 /* FinalProjectUITests */ = {
			isa = PBXGroup;
			children = (
				CF11542A20FF1BA3009EC0C4 /* FinalProjectUITests.swift */,
				CF11542C20FF1BA3009EC0C4 /* Info.plist */,
			);
			path = FinalProjectUITests;
			sourceTree = "<group>";
		};
/* End PBXGroup section */

/* Begin PBXNativeTarget section */
		CF11540620FF1BA1009EC0C4 /* FinalProject */ = {
			isa = PBXNativeTarget;
			buildConfigurationList = CF11542F20FF1BA3009EC0C4 /* Build configuration list for PBXNativeTarget "FinalProject" */;
			buildPhases = (
				CF11540320FF1BA1009EC0C4 /* Sources */,
				CF11540420FF1BA1009EC0C4 /* Frameworks */,
				CF11540520FF1BA1009EC0C4 /* Resources */,
			);
			buildRules = (
			);
			dependencies = (
			);
			name = FinalProject;
			productName = FinalProject;
			productReference = CF11540720FF1BA1009EC0C4 /* FinalProject.app */;
			productType = "com.apple.product-type.application";
		};
		CF11541A20FF1BA3009EC0C4 /* FinalProjectTests */ = {
			isa = PBXNativeTarget;
			buildConfigurationList = CF11543220FF1BA3009EC0C4 /* Build configuration list for PBXNativeTarget "FinalProjectTests" */;
			buildPhases = (
				CF11541720FF1BA3009EC0C4 /* Sources */,
				CF11541820FF1BA3009EC0C4 /* Frameworks */,
				CF11541920FF1BA3009EC0C4 /* Resources */,
			);
			buildRules = (
			);
			dependencies = (
				CF11541D20FF1BA3009EC0C4 /* PBXTargetDependency */,
			);
			name = FinalProjectTests;
			productName = FinalProjectTests;
			productReference = CF11541B20FF1BA3009EC0C4 /* FinalProjectTests.xctest */;
			productType = "com.apple.product-type.bundle.unit-test";
		};
		CF11542520FF1BA3009EC0C4 /* FinalProjectUITests */ = {
			isa = PBXNativeTarget;
			buildConfigurationList = CF11543520FF1BA3009EC0C4 /* Build configuration list for PBXNativeTarget "FinalProjectUITests" */;
			buildPhases = (
				CF11542220FF1BA3009EC0C4 /* Sources */,
				CF11542320FF1BA3009EC0C4 /* Frameworks */,
				CF11542420FF1BA3009EC0C4 /* Resources */,
			);
			buildRules = (
			);
			dependencies = (
				CF11542820FF1BA3009EC0C4 /* PBXTargetDependency */,
			);
			name = FinalProjectUITests;
			productName = FinalProjectUITests;
			productReference = CF11542620FF1BA3009EC0C4 /* FinalProjectUITests.xctest */;
			productType = "com.apple.product-type.bundle.ui-testing";
		};
/* End PBXNativeTarget section */

/* Begin PBXProject section */
		CF1153FF20FF1BA1009EC0C4 /* Project object */ = {
			isa = PBXProject;
			attributes = {
				LastSwiftUpdateCheck = 0940;
				LastUpgradeCheck = 0940;
				ORGANIZATIONNAME = UMSL;
				TargetAttributes = {
					CF11540620FF1BA1009EC0C4 = {
						CreatedOnToolsVersion = 9.4.1;
					};
					CF11541A20FF1BA3009EC0C4 = {
						CreatedOnToolsVersion = 9.4.1;
						TestTargetID = CF11540620FF1BA1009EC0C4;
					};
					CF11542520FF1BA3009EC0C4 = {
						CreatedOnToolsVersion = 9.4.1;
						TestTargetID = CF11540620FF1BA1009EC0C4;
					};
				};
			};
			buildConfigurationList = CF11540220FF1BA1009EC0C4 /* Build configuration list for PBXProject "FinalProject" */;
			compatibilityVersion = "Xcode 9.3";
			developmentRegion = en;
			hasScannedForEncodings = 0;
			knownRegions = (
				en,
				Base,
			);
			mainGroup = CF1153FE20FF1BA1009EC0C4;
			productRefGroup = CF11540820FF1BA1009EC0C4 /* Products */;
			projectDirPath = "";
			projectRoot = "";
			targets = (
				CF11540620FF1BA1009EC0C4 /* FinalProject */,
				CF11541A20FF1BA3009EC0C4 /* FinalProjectTests */,
				CF11542520FF1BA3009EC0C4 /* FinalProjectUITests */,
			);
		};
/* End PBXProject section */

/* Begin PBXResourcesBuildPhase section */
		CF11540520FF1BA1009EC0C4 /* Resources */ = {
			isa = PBXResourcesBuildPhase;
			buildActionMask = 2147483647;
			files = (
				CF11541520FF1BA2009EC0C4 /* LaunchScreen.storyboard in Resources */,
				CF11541220FF1BA2009EC0C4 /* Assets.xcassets in Resources */,
				CF11541020FF1BA1009EC0C4 /* Main.storyboard in Resources */,
			);
			runOnlyForDeploymentPostprocessing = 0;
		};
		CF11541920FF1BA3009EC0C4 /* Resources */ = {
			isa = PBXResourcesBuildPhase;
			buildActionMask = 2147483647;
			files = (
			);
			runOnlyForDeploymentPostprocessing = 0;
		};
		CF11542420FF1BA3009EC0C4 /* Resources */ = {
			isa = PBXResourcesBuildPhase;
			buildActionMask = 2147483647;
			files = (
			);
			runOnlyForDeploymentPostprocessing = 0;
		};
/* End PBXResourcesBuildPhase section */

/* Begin PBXSourcesBuildPhase section */
		CF11540320FF1BA1009EC0C4 /* Sources */ = {
			isa = PBXSourcesBuildPhase;
			buildActionMask = 2147483647;
			files = (
				CFFEB5522110DEB4001B42B3 /* SpriteSheet.swift in Sources */,
				CF11544921017D40009EC0C4 /* MainNavigationController.swift in Sources */,
				CF11540D20FF1BA1009EC0C4 /* DataViewController.swift in Sources */,
				CF11544221005E36009EC0C4 /* CostumeModel.swift in Sources */,
				CFFEB54E210E54CF001B42B3 /* SplashViewController.swift in Sources */,
				CF11543F21004FD8009EC0C4 /* SenderViewController.swift in Sources */,
				CF11543920FFB0E4009EC0C4 /* MeasurementsViewController.swift in Sources */,
				CF11543B20FFB5A2009EC0C4 /* CostumeMeasurements.swift in Sources */,
				CF11540B20FF1BA1009EC0C4 /* AppDelegate.swift in Sources */,
				CFFEB5502110DD89001B42B3 /* SplashScene.swift in Sources */,
			);
			runOnlyForDeploymentPostprocessing = 0;
		};
		CF11541720FF1BA3009EC0C4 /* Sources */ = {
			isa = PBXSourcesBuildPhase;
			buildActionMask = 2147483647;
			files = (
				CF11542020FF1BA3009EC0C4 /* FinalProjectTests.swift in Sources */,
			);
			runOnlyForDeploymentPostprocessing = 0;
		};
		CF11542220FF1BA3009EC0C4 /* Sources */ = {
			isa = PBXSourcesBuildPhase;
			buildActionMask = 2147483647;
			files = (
				CF11542B20FF1BA3009EC0C4 /* FinalProjectUITests.swift in Sources */,
			);
			runOnlyForDeploymentPostprocessing = 0;
		};
/* End PBXSourcesBuildPhase section */

/* Begin PBXTargetDependency section */
		CF11541D20FF1BA3009EC0C4 /* PBXTargetDependency */ = {
			isa = PBXTargetDependency;
			target = CF11540620FF1BA1009EC0C4 /* FinalProject */;
			targetProxy = CF11541C20FF1BA3009EC0C4 /* PBXContainerItemProxy */;
		};
		CF11542820FF1BA3009EC0C4 /* PBXTargetDependency */ = {
			isa = PBXTargetDependency;
			target = CF11540620FF1BA1009EC0C4 /* FinalProject */;
			targetProxy = CF11542720FF1BA3009EC0C4 /* PBXContainerItemProxy */;
		};
/* End PBXTargetDependency section */

/* Begin PBXVariantGroup section */
		CF11540E20FF1BA1009EC0C4 /* Main.storyboard */ = {
			isa = PBXVariantGroup;
			children = (
				CF11540F20FF1BA1009EC0C4 /* Base */,
			);
			name = Main.storyboard;
			sourceTree = "<group>";
		};
		CF11541320FF1BA2009EC0C4 /* LaunchScreen.storyboard */ = {
			isa = PBXVariantGroup;
			children = (
				CF11541420FF1BA2009EC0C4 /* Base */,
			);
			name = LaunchScreen.storyboard;
			sourceTree = "<group>";
		};
/* End PBXVariantGroup section */

/* Begin XCBuildConfiguration section */
		CF11542D20FF1BA3009EC0C4 /* Debug */ = {
			isa = XCBuildConfiguration;
			buildSettings = {
				ALWAYS_SEARCH_USER_PATHS = NO;
				CLANG_ANALYZER_NONNULL = YES;
				CLANG_ANALYZER_NUMBER_OBJECT_CONVERSION = YES_AGGRESSIVE;
				CLANG_CXX_LANGUAGE_STANDARD = "gnu++14";
				CLANG_CXX_LIBRARY = "libc++";
				CLANG_ENABLE_MODULES = YES;
				CLANG_ENABLE_OBJC_ARC = YES;
				CLANG_ENABLE_OBJC_WEAK = YES;
				CLANG_WARN_BLOCK_CAPTURE_AUTORELEASING = YES;
				CLANG_WARN_BOOL_CONVERSION = YES;
				CLANG_WARN_COMMA = YES;
				CLANG_WARN_CONSTANT_CONVERSION = YES;
				CLANG_WARN_DEPRECATED_OBJC_IMPLEMENTATIONS = YES;
				CLANG_WARN_DIRECT_OBJC_ISA_USAGE = YES_ERROR;
				CLANG_WARN_DOCUMENTATION_COMMENTS = YES;
				CLANG_WARN_EMPTY_BODY = YES;
				CLANG_WARN_ENUM_CONVERSION = YES;
				CLANG_WARN_INFINITE_RECURSION = YES;
				CLANG_WARN_INT_CONVERSION = YES;
				CLANG_WARN_NON_LITERAL_NULL_CONVERSION = YES;
				CLANG_WARN_OBJC_IMPLICIT_RETAIN_SELF = YES;
				CLANG_WARN_OBJC_LITERAL_CONVERSION = YES;
				CLANG_WARN_OBJC_ROOT_CLASS = YES_ERROR;
				CLANG_WARN_RANGE_LOOP_ANALYSIS = YES;
				CLANG_WARN_STRICT_PROTOTYPES = YES;
				CLANG_WARN_SUSPICIOUS_MOVE = YES;
				CLANG_WARN_UNGUARDED_AVAILABILITY = YES_AGGRESSIVE;
				CLANG_WARN_UNREACHABLE_CODE = YES;
				CLANG_WARN__DUPLICATE_METHOD_MATCH = YES;
				CODE_SIGN_IDENTITY = "iPhone Developer";
				COPY_PHASE_STRIP = NO;
				DEBUG_INFORMATION_FORMAT = dwarf;
				ENABLE_STRICT_OBJC_MSGSEND = YES;
				ENABLE_TESTABILITY = YES;
				GCC_C_LANGUAGE_STANDARD = gnu11;
				GCC_DYNAMIC_NO_PIC = NO;
				GCC_NO_COMMON_BLOCKS = YES;
				GCC_OPTIMIZATION_LEVEL = 0;
				GCC_PREPROCESSOR_DEFINITIONS = (
					"DEBUG=1",
					"$(inherited)",
				);
				GCC_WARN_64_TO_32_BIT_CONVERSION = YES;
				GCC_WARN_ABOUT_RETURN_TYPE = YES_ERROR;
				GCC_WARN_UNDECLARED_SELECTOR = YES;
				GCC_WARN_UNINITIALIZED_AUTOS = YES_AGGRESSIVE;
				GCC_WARN_UNUSED_FUNCTION = YES;
				GCC_WARN_UNUSED_VARIABLE = YES;
				IPHONEOS_DEPLOYMENT_TARGET = 11.4;
				MTL_ENABLE_DEBUG_INFO = YES;
				ONLY_ACTIVE_ARCH = YES;
				SDKROOT = iphoneos;
				SWIFT_ACTIVE_COMPILATION_CONDITIONS = DEBUG;
				SWIFT_OPTIMIZATION_LEVEL = "-Onone";
			};
			name = Debug;
		};
		CF11542E20FF1BA3009EC0C4 /* Release */ = {
			isa = XCBuildConfiguration;
			buildSettings = {
				ALWAYS_SEARCH_USER_PATHS = NO;
				CLANG_ANALYZER_NONNULL = YES;
				CLANG_ANALYZER_NUMBER_OBJECT_CONVERSION = YES_AGGRESSIVE;
				CLANG_CXX_LANGUAGE_STANDARD = "gnu++14";
				CLANG_CXX_LIBRARY = "libc++";
				CLANG_ENABLE_MODULES = YES;
				CLANG_ENABLE_OBJC_ARC = YES;
				CLANG_ENABLE_OBJC_WEAK = YES;
				CLANG_WARN_BLOCK_CAPTURE_AUTORELEASING = YES;
				CLANG_WARN_BOOL_CONVERSION = YES;
				CLANG_WARN_COMMA = YES;
				CLANG_WARN_CONSTANT_CONVERSION = YES;
				CLANG_WARN_DEPRECATED_OBJC_IMPLEMENTATIONS = YES;
				CLANG_WARN_DIRECT_OBJC_ISA_USAGE = YES_ERROR;
				CLANG_WARN_DOCUMENTATION_COMMENTS = YES;
				CLANG_WARN_EMPTY_BODY = YES;
				CLANG_WARN_ENUM_CONVERSION = YES;
				CLANG_WARN_INFINITE_RECURSION = YES;
				CLANG_WARN_INT_CONVERSION = YES;
				CLANG_WARN_NON_LITERAL_NULL_CONVERSION = YES;
				CLANG_WARN_OBJC_IMPLICIT_RETAIN_SELF = YES;
				CLANG_WARN_OBJC_LITERAL_CONVERSION = YES;
				CLANG_WARN_OBJC_ROOT_CLASS = YES_ERROR;
				CLANG_WARN_RANGE_LOOP_ANALYSIS = YES;
				CLANG_WARN_STRICT_PROTOTYPES = YES;
				CLANG_WARN_SUSPICIOUS_MOVE = YES;
				CLANG_WARN_UNGUARDED_AVAILABILITY = YES_AGGRESSIVE;
				CLANG_WARN_UNREACHABLE_CODE = YES;
				CLANG_WARN__DUPLICATE_METHOD_MATCH = YES;
				CODE_SIGN_IDENTITY = "iPhone Developer";
				COPY_PHASE_STRIP = NO;
				DEBUG_INFORMATION_FORMAT = "dwarf-with-dsym";
				ENABLE_NS_ASSERTIONS = NO;
				ENABLE_STRICT_OBJC_MSGSEND = YES;
				GCC_C_LANGUAGE_STANDARD = gnu11;
				GCC_NO_COMMON_BLOCKS = YES;
				GCC_WARN_64_TO_32_BIT_CONVERSION = YES;
				GCC_WARN_ABOUT_RETURN_TYPE = YES_ERROR;
				GCC_WARN_UNDECLARED_SELECTOR = YES;
				GCC_WARN_UNINITIALIZED_AUTOS = YES_AGGRESSIVE;
				GCC_WARN_UNUSED_FUNCTION = YES;
				GCC_WARN_UNUSED_VARIABLE = YES;
				IPHONEOS_DEPLOYMENT_TARGET = 11.4;
				MTL_ENABLE_DEBUG_INFO = NO;
				SDKROOT = iphoneos;
				SWIFT_COMPILATION_MODE = wholemodule;
				SWIFT_OPTIMIZATION_LEVEL = "-O";
				VALIDATE_PRODUCT = YES;
			};
			name = Release;
		};
		CF11543020FF1BA3009EC0C4 /* Debug */ = {
			isa = XCBuildConfiguration;
			buildSettings = {
				ASSETCATALOG_COMPILER_APPICON_NAME = AppIcon;
				CODE_SIGN_STYLE = Automatic;
				DEVELOPMENT_TEAM = JDD3JSQT6Y;
				INFOPLIST_FILE = FinalProject/Info.plist;
				LD_RUNPATH_SEARCH_PATHS = (
					"$(inherited)",
					"@executable_path/Frameworks",
				);
				PRODUCT_BUNDLE_IDENTIFIER = UMSL.FinalProject;
				PRODUCT_NAME = "$(TARGET_NAME)";
				SWIFT_VERSION = 4.0;
				TARGETED_DEVICE_FAMILY = "1,2";
			};
			name = Debug;
		};
		CF11543120FF1BA3009EC0C4 /* Release */ = {
			isa = XCBuildConfiguration;
			buildSettings = {
				ASSETCATALOG_COMPILER_APPICON_NAME = AppIcon;
				CODE_SIGN_STYLE = Automatic;
				DEVELOPMENT_TEAM = JDD3JSQT6Y;
				INFOPLIST_FILE = FinalProject/Info.plist;
				LD_RUNPATH_SEARCH_PATHS = (
					"$(inherited)",
					"@executable_path/Frameworks",
				);
				PRODUCT_BUNDLE_IDENTIFIER = UMSL.FinalProject;
				PRODUCT_NAME = "$(TARGET_NAME)";
				SWIFT_VERSION = 4.0;
				TARGETED_DEVICE_FAMILY = "1,2";
			};
			name = Release;
		};
		CF11543320FF1BA3009EC0C4 /* Debug */ = {
			isa = XCBuildConfiguration;
			buildSettings = {
				ALWAYS_EMBED_SWIFT_STANDARD_LIBRARIES = YES;
				BUNDLE_LOADER = "$(TEST_HOST)";
				CODE_SIGN_STYLE = Automatic;
				DEVELOPMENT_TEAM = JDD3JSQT6Y;
				INFOPLIST_FILE = FinalProjectTests/Info.plist;
				LD_RUNPATH_SEARCH_PATHS = (
					"$(inherited)",
					"@executable_path/Frameworks",
					"@loader_path/Frameworks",
				);
				PRODUCT_BUNDLE_IDENTIFIER = UMSL.FinalProjectTests;
				PRODUCT_NAME = "$(TARGET_NAME)";
				SWIFT_VERSION = 4.0;
				TARGETED_DEVICE_FAMILY = "1,2";
				TEST_HOST = "$(BUILT_PRODUCTS_DIR)/FinalProject.app/FinalProject";
			};
			name = Debug;
		};
		CF11543420FF1BA3009EC0C4 /* Release */ = {
			isa = XCBuildConfiguration;
			buildSettings = {
				ALWAYS_EMBED_SWIFT_STANDARD_LIBRARIES = YES;
				BUNDLE_LOADER = "$(TEST_HOST)";
				CODE_SIGN_STYLE = Automatic;
				DEVELOPMENT_TEAM = JDD3JSQT6Y;
				INFOPLIST_FILE = FinalProjectTests/Info.plist;
				LD_RUNPATH_SEARCH_PATHS = (
					"$(inherited)",
					"@executable_path/Frameworks",
					"@loader_path/Frameworks",
				);
				PRODUCT_BUNDLE_IDENTIFIER = UMSL.FinalProjectTests;
				PRODUCT_NAME = "$(TARGET_NAME)";
				SWIFT_VERSION = 4.0;
				TARGETED_DEVICE_FAMILY = "1,2";
				TEST_HOST = "$(BUILT_PRODUCTS_DIR)/FinalProject.app/FinalProject";
			};
			name = Release;
		};
		CF11543620FF1BA3009EC0C4 /* Debug */ = {
			isa = XCBuildConfiguration;
			buildSettings = {
				ALWAYS_EMBED_SWIFT_STANDARD_LIBRARIES = YES;
				CODE_SIGN_STYLE = Automatic;
				DEVELOPMENT_TEAM = JDD3JSQT6Y;
				INFOPLIST_FILE = FinalProjectUITests/Info.plist;
				LD_RUNPATH_SEARCH_PATHS = (
					"$(inherited)",
					"@executable_path/Frameworks",
					"@loader_path/Frameworks",
				);
				PRODUCT_BUNDLE_IDENTIFIER = UMSL.FinalProjectUITests;
				PRODUCT_NAME = "$(TARGET_NAME)";
				SWIFT_VERSION = 4.0;
				TARGETED_DEVICE_FAMILY = "1,2";
				TEST_TARGET_NAME = FinalProject;
			};
			name = Debug;
		};
		CF11543720FF1BA3009EC0C4 /* Release */ = {
			isa = XCBuildConfiguration;
			buildSettings = {
				ALWAYS_EMBED_SWIFT_STANDARD_LIBRARIES = YES;
				CODE_SIGN_STYLE = Automatic;
				DEVELOPMENT_TEAM = JDD3JSQT6Y;
				INFOPLIST_FILE = FinalProjectUITests/Info.plist;
				LD_RUNPATH_SEARCH_PATHS = (
					"$(inherited)",
					"@executable_path/Frameworks",
					"@loader_path/Frameworks",
				);
				PRODUCT_BUNDLE_IDENTIFIER = UMSL.FinalProjectUITests;
				PRODUCT_NAME = "$(TARGET_NAME)";
				SWIFT_VERSION = 4.0;
				TARGETED_DEVICE_FAMILY = "1,2";
				TEST_TARGET_NAME = FinalProject;
			};
			name = Release;
		};
/* End XCBuildConfiguration section */

/* Begin XCConfigurationList section */
		CF11540220FF1BA1009EC0C4 /* Build configuration list for PBXProject "FinalProject" */ = {
			isa = XCConfigurationList;
			buildConfigurations = (
				CF11542D20FF1BA3009EC0C4 /* Debug */,
				CF11542E20FF1BA3009EC0C4 /* Release */,
			);
			defaultConfigurationIsVisible = 0;
			defaultConfigurationName = Release;
		};
		CF11542F20FF1BA3009EC0C4 /* Build configuration list for PBXNativeTarget "FinalProject" */ = {
			isa = XCConfigurationList;
			buildConfigurations = (
				CF11543020FF1BA3009EC0C4 /* Debug */,
				CF11543120FF1BA3009EC0C4 /* Release */,
			);
			defaultConfigurationIsVisible = 0;
			defaultConfigurationName = Release;
		};
		CF11543220FF1BA3009EC0C4 /* Build configuration list for PBXNativeTarget "FinalProjectTests" */ = {
			isa = XCConfigurationList;
			buildConfigurations = (
				CF11543320FF1BA3009EC0C4 /* Debug */,
				CF11543420FF1BA3009EC0C4 /* Release */,
			);
			defaultConfigurationIsVisible = 0;
			defaultConfigurationName = Release;
		};
		CF11543520FF1BA3009EC0C4 /* Build configuration list for PBXNativeTarget "FinalProjectUITests" */ = {
			isa = XCConfigurationList;
			buildConfigurations = (
				CF11543620FF1BA3009EC0C4 /* Debug */,
				CF11543720FF1BA3009EC0C4 /* Release */,
			);
			defaultConfigurationIsVisible = 0;
			defaultConfigurationName = Release;
		};
/* End XCConfigurationList section */
	};
	rootObject = CF1153FF20FF1BA1009EC0C4 /* Project object */;
}
